// !$*UTF8*$!
{
	archiveVersion = 1;
	classes = {
	};
	objectVersion = 46;
	objects = {

/* Begin PBXBuildFile section */
		0E1C83A31A67647B00902067 /* StackerController.swift in Sources */ = {isa = PBXBuildFile; fileRef = 0E1C83A21A67647B00902067 /* StackerController.swift */; };
		0E4BCAF81A78A2C10027013B /* StackerBridge.swift in Sources */ = {isa = PBXBuildFile; fileRef = 0E4BCAF71A78A2C10027013B /* StackerBridge.swift */; };
		0E4FE8281925B8FE008DF208 /* logo.png in Resources */ = {isa = PBXBuildFile; fileRef = 0E4FE8231925B8FE008DF208 /* logo.png */; };
		0E4FE8291925B8FE008DF208 /* logo@2x.png in Resources */ = {isa = PBXBuildFile; fileRef = 0E4FE8241925B8FE008DF208 /* logo@2x.png */; };
		0E4FE82B1925B8FE008DF208 /* tab-1.png in Resources */ = {isa = PBXBuildFile; fileRef = 0E4FE8261925B8FE008DF208 /* tab-1.png */; };
		0E4FE82C1925B8FE008DF208 /* tab-1@2x.png in Resources */ = {isa = PBXBuildFile; fileRef = 0E4FE8271925B8FE008DF208 /* tab-1@2x.png */; };
		0E8D44DD1A6F19DC004727C2 /* UIColorExtension.swift in Sources */ = {isa = PBXBuildFile; fileRef = 0E8D44DC1A6F19DC004727C2 /* UIColorExtension.swift */; };
		0E8D44DF1A6F2104004727C2 /* StackerURLParser.swift in Sources */ = {isa = PBXBuildFile; fileRef = 0E8D44DE1A6F2104004727C2 /* StackerURLParser.swift */; };
		0EA0DB1E1A7BEA2F001AE931 /* StackerBridge.js.txt in Resources */ = {isa = PBXBuildFile; fileRef = 0EA0DB1D1A7BEA2F001AE931 /* StackerBridge.js.txt */; };
		0EA9C8481A68B24B00BAC6E0 /* StackerWebViewController.swift in Sources */ = {isa = PBXBuildFile; fileRef = 0EA9C8471A68B24B00BAC6E0 /* StackerWebViewController.swift */; };
		0EBA9579192585DB00A1E4C2 /* Foundation.framework in Frameworks */ = {isa = PBXBuildFile; fileRef = 0EBA9578192585DB00A1E4C2 /* Foundation.framework */; };
		0EBA957B192585DB00A1E4C2 /* CoreGraphics.framework in Frameworks */ = {isa = PBXBuildFile; fileRef = 0EBA957A192585DB00A1E4C2 /* CoreGraphics.framework */; };
		0EBA957D192585DB00A1E4C2 /* UIKit.framework in Frameworks */ = {isa = PBXBuildFile; fileRef = 0EBA957C192585DB00A1E4C2 /* UIKit.framework */; };
		0EBA9583192585DB00A1E4C2 /* InfoPlist.strings in Resources */ = {isa = PBXBuildFile; fileRef = 0EBA9581192585DB00A1E4C2 /* InfoPlist.strings */; };
		0EBA9589192585DB00A1E4C2 /* AppDelegate.swift in Sources */ = {isa = PBXBuildFile; fileRef = 0EBA9588192585DB00A1E4C2 /* AppDelegate.swift */; };
		0EBA9591192585DB00A1E4C2 /* Images.xcassets in Resources */ = {isa = PBXBuildFile; fileRef = 0EBA9590192585DB00A1E4C2 /* Images.xcassets */; };
/* End PBXBuildFile section */

/* Begin PBXFileReference section */
		0E1C83A21A67647B00902067 /* StackerController.swift */ = {isa = PBXFileReference; fileEncoding = 4; lastKnownFileType = sourcecode.swift; path = StackerController.swift; sourceTree = "<group>"; };
		0E4BCAF71A78A2C10027013B /* StackerBridge.swift */ = {isa = PBXFileReference; fileEncoding = 4; lastKnownFileType = sourcecode.swift; path = StackerBridge.swift; sourceTree = "<group>"; };
		0E4FE8231925B8FE008DF208 /* logo.png */ = {isa = PBXFileReference; lastKnownFileType = image.png; path = logo.png; sourceTree = "<group>"; };
		0E4FE8241925B8FE008DF208 /* logo@2x.png */ = {isa = PBXFileReference; lastKnownFileType = image.png; path = "logo@2x.png"; sourceTree = "<group>"; };
		0E4FE8261925B8FE008DF208 /* tab-1.png */ = {isa = PBXFileReference; lastKnownFileType = image.png; path = "tab-1.png"; sourceTree = "<group>"; };
		0E4FE8271925B8FE008DF208 /* tab-1@2x.png */ = {isa = PBXFileReference; lastKnownFileType = image.png; path = "tab-1@2x.png"; sourceTree = "<group>"; };
		0E8D44DC1A6F19DC004727C2 /* UIColorExtension.swift */ = {isa = PBXFileReference; fileEncoding = 4; lastKnownFileType = sourcecode.swift; path = UIColorExtension.swift; sourceTree = "<group>"; };
		0E8D44DE1A6F2104004727C2 /* StackerURLParser.swift */ = {isa = PBXFileReference; fileEncoding = 4; lastKnownFileType = sourcecode.swift; path = StackerURLParser.swift; sourceTree = "<group>"; };
		0EA0DB1D1A7BEA2F001AE931 /* StackerBridge.js.txt */ = {isa = PBXFileReference; explicitFileType = text; fileEncoding = 4; path = StackerBridge.js.txt; sourceTree = "<group>"; };
		0EA9C8471A68B24B00BAC6E0 /* StackerWebViewController.swift */ = {isa = PBXFileReference; fileEncoding = 4; lastKnownFileType = sourcecode.swift; path = StackerWebViewController.swift; sourceTree = "<group>"; };
		0EBA9575192585DB00A1E4C2 /* GameRoom.app */ = {isa = PBXFileReference; explicitFileType = wrapper.application; includeInIndex = 0; path = GameRoom.app; sourceTree = BUILT_PRODUCTS_DIR; };
		0EBA9578192585DB00A1E4C2 /* Foundation.framework */ = {isa = PBXFileReference; lastKnownFileType = wrapper.framework; name = Foundation.framework; path = System/Library/Frameworks/Foundation.framework; sourceTree = SDKROOT; };
		0EBA957A192585DB00A1E4C2 /* CoreGraphics.framework */ = {isa = PBXFileReference; lastKnownFileType = wrapper.framework; name = CoreGraphics.framework; path = System/Library/Frameworks/CoreGraphics.framework; sourceTree = SDKROOT; };
		0EBA957C192585DB00A1E4C2 /* UIKit.framework */ = {isa = PBXFileReference; lastKnownFileType = wrapper.framework; name = UIKit.framework; path = System/Library/Frameworks/UIKit.framework; sourceTree = SDKROOT; };
		0EBA9580192585DB00A1E4C2 /* GameRoom-Info.plist */ = {isa = PBXFileReference; lastKnownFileType = text.plist.xml; path = "GameRoom-Info.plist"; sourceTree = "<group>"; };
		0EBA9582192585DB00A1E4C2 /* en */ = {isa = PBXFileReference; lastKnownFileType = text.plist.strings; name = en; path = en.lproj/InfoPlist.strings; sourceTree = "<group>"; };
		0EBA9588192585DB00A1E4C2 /* AppDelegate.swift */ = {isa = PBXFileReference; explicitFileType = sourcecode.swift; path = AppDelegate.swift; sourceTree = "<group>"; };
		0EBA9590192585DB00A1E4C2 /* Images.xcassets */ = {isa = PBXFileReference; lastKnownFileType = folder.assetcatalog; path = Images.xcassets; sourceTree = "<group>"; };
		4EB71CB001174DCDB535E4F1 /* Pods-GameRoom.xcconfig */ = {isa = PBXFileReference; includeInIndex = 1; lastKnownFileType = text.xcconfig; name = "Pods-GameRoom.xcconfig"; path = "Pods/Pods-GameRoom.xcconfig"; sourceTree = "<group>"; };
		7E94C88027424C68814F0D11 /* libPods-GameRoom.a */ = {isa = PBXFileReference; explicitFileType = archive.ar; includeInIndex = 0; path = "libPods-GameRoom.a"; sourceTree = BUILT_PRODUCTS_DIR; };
/* End PBXFileReference section */

/* Begin PBXFrameworksBuildPhase section */
		0EBA9572192585DB00A1E4C2 /* Frameworks */ = {
			isa = PBXFrameworksBuildPhase;
			buildActionMask = 2147483647;
			files = (
				0EBA957B192585DB00A1E4C2 /* CoreGraphics.framework in Frameworks */,
				0EBA957D192585DB00A1E4C2 /* UIKit.framework in Frameworks */,
				0EBA9579192585DB00A1E4C2 /* Foundation.framework in Frameworks */,
			);
			runOnlyForDeploymentPostprocessing = 0;
		};
/* End PBXFrameworksBuildPhase section */

/* Begin PBXGroup section */
		0EBA956C192585DB00A1E4C2 = {
			isa = PBXGroup;
			children = (
				0EBA957E192585DB00A1E4C2 /* GameRoom */,
				0EBA9577192585DB00A1E4C2 /* Frameworks */,
				0EBA9576192585DB00A1E4C2 /* Products */,
				4EB71CB001174DCDB535E4F1 /* Pods-GameRoom.xcconfig */,
			);
			sourceTree = "<group>";
		};
		0EBA9576192585DB00A1E4C2 /* Products */ = {
			isa = PBXGroup;
			children = (
				0EBA9575192585DB00A1E4C2 /* GameRoom.app */,
			);
			name = Products;
			sourceTree = "<group>";
		};
		0EBA9577192585DB00A1E4C2 /* Frameworks */ = {
			isa = PBXGroup;
			children = (
				0EBA9578192585DB00A1E4C2 /* Foundation.framework */,
				0EBA957A192585DB00A1E4C2 /* CoreGraphics.framework */,
				0EBA957C192585DB00A1E4C2 /* UIKit.framework */,
				7E94C88027424C68814F0D11 /* libPods-GameRoom.a */,
			);
			name = Frameworks;
			sourceTree = "<group>";
		};
		0EBA957E192585DB00A1E4C2 /* GameRoom */ = {
			isa = PBXGroup;
			children = (
				0EBA9588192585DB00A1E4C2 /* AppDelegate.swift */,
				0E1C83A21A67647B00902067 /* StackerController.swift */,
				0EA9C8471A68B24B00BAC6E0 /* StackerWebViewController.swift */,
				0E8D44DC1A6F19DC004727C2 /* UIColorExtension.swift */,
				0E8D44DE1A6F2104004727C2 /* StackerURLParser.swift */,
				0E4BCAF71A78A2C10027013B /* StackerBridge.swift */,
				0EBA9590192585DB00A1E4C2 /* Images.xcassets */,
				0EBA957F192585DB00A1E4C2 /* Supporting Files */,
			);
			path = GameRoom;
			sourceTree = "<group>";
		};
		0EBA957F192585DB00A1E4C2 /* Supporting Files */ = {
			isa = PBXGroup;
			children = (
				0E4FE8231925B8FE008DF208 /* logo.png */,
				0E4FE8241925B8FE008DF208 /* logo@2x.png */,
				0E4FE8261925B8FE008DF208 /* tab-1.png */,
				0E4FE8271925B8FE008DF208 /* tab-1@2x.png */,
				0EBA9580192585DB00A1E4C2 /* GameRoom-Info.plist */,
				0EBA9581192585DB00A1E4C2 /* InfoPlist.strings */,
				0EA0DB1D1A7BEA2F001AE931 /* StackerBridge.js.txt */,
			);
			name = "Supporting Files";
			sourceTree = "<group>";
		};
/* End PBXGroup section */

/* Begin PBXNativeTarget section */
		0EBA9574192585DB00A1E4C2 /* GameRoom */ = {
			isa = PBXNativeTarget;
			buildConfigurationList = 0EBA95A7192585DB00A1E4C2 /* Build configuration list for PBXNativeTarget "GameRoom" */;
			buildPhases = (
				E7AA09A401CB416487DB2314 /* Check Pods Manifest.lock */,
				0EBA9571192585DB00A1E4C2 /* Sources */,
				0EBA9572192585DB00A1E4C2 /* Frameworks */,
				0EBA9573192585DB00A1E4C2 /* Resources */,
				838C813F0D3847E399201CA2 /* Copy Pods Resources */,
			);
			buildRules = (
			);
			dependencies = (
			);
			name = GameRoom;
			productName = GameRoom;
			productReference = 0EBA9575192585DB00A1E4C2 /* GameRoom.app */;
			productType = "com.apple.product-type.application";
		};
/* End PBXNativeTarget section */

/* Begin PBXProject section */
		0EBA956D192585DB00A1E4C2 /* Project object */ = {
			isa = PBXProject;
			attributes = {
				LastUpgradeCheck = 0510;
				ORGANIZATIONNAME = "Loki Meyburg";
			};
			buildConfigurationList = 0EBA9570192585DB00A1E4C2 /* Build configuration list for PBXProject "GameRoom" */;
			compatibilityVersion = "Xcode 3.2";
			developmentRegion = English;
			hasScannedForEncodings = 0;
			knownRegions = (
				en,
				Base,
			);
			mainGroup = 0EBA956C192585DB00A1E4C2;
			productRefGroup = 0EBA9576192585DB00A1E4C2 /* Products */;
			projectDirPath = "";
			projectRoot = "";
			targets = (
				0EBA9574192585DB00A1E4C2 /* GameRoom */,
			);
		};
/* End PBXProject section */

/* Begin PBXResourcesBuildPhase section */
		0EBA9573192585DB00A1E4C2 /* Resources */ = {
			isa = PBXResourcesBuildPhase;
			buildActionMask = 2147483647;
			files = (
				0E4FE8291925B8FE008DF208 /* logo@2x.png in Resources */,
				0E4FE82B1925B8FE008DF208 /* tab-1.png in Resources */,
				0E4FE8281925B8FE008DF208 /* logo.png in Resources */,
				0EBA9591192585DB00A1E4C2 /* Images.xcassets in Resources */,
				0EA0DB1E1A7BEA2F001AE931 /* StackerBridge.js.txt in Resources */,
				0EBA9583192585DB00A1E4C2 /* InfoPlist.strings in Resources */,
				0E4FE82C1925B8FE008DF208 /* tab-1@2x.png in Resources */,
			);
			runOnlyForDeploymentPostprocessing = 0;
		};
/* End PBXResourcesBuildPhase section */

/* Begin PBXShellScriptBuildPhase section */
		838C813F0D3847E399201CA2 /* Copy Pods Resources */ = {
			isa = PBXShellScriptBuildPhase;
			buildActionMask = 2147483647;
			files = (
			);
			inputPaths = (
			);
			name = "Copy Pods Resources";
			outputPaths = (
			);
			runOnlyForDeploymentPostprocessing = 0;
			shellPath = /bin/sh;
			shellScript = "\"${SRCROOT}/Pods/Pods-GameRoom-resources.sh\"\n";
			showEnvVarsInLog = 0;
		};
		E7AA09A401CB416487DB2314 /* Check Pods Manifest.lock */ = {
			isa = PBXShellScriptBuildPhase;
			buildActionMask = 2147483647;
			files = (
			);
			inputPaths = (
			);
			name = "Check Pods Manifest.lock";
			outputPaths = (
			);
			runOnlyForDeploymentPostprocessing = 0;
			shellPath = /bin/sh;
			shellScript = "diff \"${PODS_ROOT}/../Podfile.lock\" \"${PODS_ROOT}/Manifest.lock\" > /dev/null\nif [[ $? != 0 ]] ; then\n    cat << EOM\nerror: The sandbox is not in sync with the Podfile.lock. Run 'pod install' or update your CocoaPods installation.\nEOM\n    exit 1\nfi\n";
			showEnvVarsInLog = 0;
		};
/* End PBXShellScriptBuildPhase section */

/* Begin PBXSourcesBuildPhase section */
		0EBA9571192585DB00A1E4C2 /* Sources */ = {
			isa = PBXSourcesBuildPhase;
			buildActionMask = 2147483647;
			files = (
				0E8D44DF1A6F2104004727C2 /* StackerURLParser.swift in Sources */,
				0EA9C8481A68B24B00BAC6E0 /* StackerWebViewController.swift in Sources */,
				0EBA9589192585DB00A1E4C2 /* AppDelegate.swift in Sources */,
				0E1C83A31A67647B00902067 /* StackerController.swift in Sources */,
				0E4BCAF81A78A2C10027013B /* StackerBridge.swift in Sources */,
				0E8D44DD1A6F19DC004727C2 /* UIColorExtension.swift in Sources */,
			);
			runOnlyForDeploymentPostprocessing = 0;
		};
/* End PBXSourcesBuildPhase section */

/* Begin PBXVariantGroup section */
		0EBA9581192585DB00A1E4C2 /* InfoPlist.strings */ = {
			isa = PBXVariantGroup;
			children = (
				0EBA9582192585DB00A1E4C2 /* en */,
			);
			name = InfoPlist.strings;
			sourceTree = "<group>";
		};
/* End PBXVariantGroup section */

/* Begin XCBuildConfiguration section */
		0EBA95A5192585DB00A1E4C2 /* Debug */ = {
			isa = XCBuildConfiguration;
			buildSettings = {
				ALWAYS_SEARCH_USER_PATHS = NO;
				CLANG_CXX_LANGUAGE_STANDARD = "gnu++0x";
				CLANG_CXX_LIBRARY = "libc++";
				CLANG_ENABLE_MODULES = YES;
				CLANG_ENABLE_OBJC_ARC = YES;
				CLANG_WARN_BOOL_CONVERSION = YES;
				CLANG_WARN_CONSTANT_CONVERSION = YES;
				CLANG_WARN_DIRECT_OBJC_ISA_USAGE = YES_ERROR;
				CLANG_WARN_EMPTY_BODY = YES;
				CLANG_WARN_ENUM_CONVERSION = YES;
				CLANG_WARN_INT_CONVERSION = YES;
				CLANG_WARN_OBJC_ROOT_CLASS = YES_ERROR;
				CLANG_WARN__DUPLICATE_METHOD_MATCH = YES;
				"CODE_SIGN_IDENTITY[sdk=iphoneos*]" = "iPhone Developer";
				COPY_PHASE_STRIP = NO;
				GCC_C_LANGUAGE_STANDARD = gnu99;
				GCC_DYNAMIC_NO_PIC = NO;
				GCC_OPTIMIZATION_LEVEL = 0;
				GCC_PREPROCESSOR_DEFINITIONS = (
					"DEBUG=1",
					"$(inherited)",
				);
				GCC_SYMBOLS_PRIVATE_EXTERN = NO;
				GCC_WARN_64_TO_32_BIT_CONVERSION = YES;
				GCC_WARN_ABOUT_RETURN_TYPE = YES_ERROR;
				GCC_WARN_UNDECLARED_SELECTOR = YES;
				GCC_WARN_UNINITIALIZED_AUTOS = YES_AGGRESSIVE;
				GCC_WARN_UNUSED_FUNCTION = YES;
				GCC_WARN_UNUSED_VARIABLE = YES;
				IPHONEOS_DEPLOYMENT_TARGET = 7.1;
				ONLY_ACTIVE_ARCH = YES;
				SDKROOT = iphoneos;
			};
			name = Debug;
		};
		0EBA95A6192585DB00A1E4C2 /* Release */ = {
			isa = XCBuildConfiguration;
			buildSettings = {
				ALWAYS_SEARCH_USER_PATHS = NO;
				CLANG_CXX_LANGUAGE_STANDARD = "gnu++0x";
				CLANG_CXX_LIBRARY = "libc++";
				CLANG_ENABLE_MODULES = YES;
				CLANG_ENABLE_OBJC_ARC = YES;
				CLANG_WARN_BOOL_CONVERSION = YES;
				CLANG_WARN_CONSTANT_CONVERSION = YES;
				CLANG_WARN_DIRECT_OBJC_ISA_USAGE = YES_ERROR;
				CLANG_WARN_EMPTY_BODY = YES;
				CLANG_WARN_ENUM_CONVERSION = YES;
				CLANG_WARN_INT_CONVERSION = YES;
				CLANG_WARN_OBJC_ROOT_CLASS = YES_ERROR;
				CLANG_WARN__DUPLICATE_METHOD_MATCH = YES;
				"CODE_SIGN_IDENTITY[sdk=iphoneos*]" = "iPhone Developer";
				COPY_PHASE_STRIP = YES;
				ENABLE_NS_ASSERTIONS = NO;
				GCC_C_LANGUAGE_STANDARD = gnu99;
				GCC_WARN_64_TO_32_BIT_CONVERSION = YES;
				GCC_WARN_ABOUT_RETURN_TYPE = YES_ERROR;
				GCC_WARN_UNDECLARED_SELECTOR = YES;
				GCC_WARN_UNINITIALIZED_AUTOS = YES_AGGRESSIVE;
				GCC_WARN_UNUSED_FUNCTION = YES;
				GCC_WARN_UNUSED_VARIABLE = YES;
				IPHONEOS_DEPLOYMENT_TARGET = 7.1;
				SDKROOT = iphoneos;
				VALIDATE_PRODUCT = YES;
			};
			name = Release;
		};
		0EBA95A8192585DB00A1E4C2 /* Debug */ = {
			isa = XCBuildConfiguration;
			baseConfigurationReference = 4EB71CB001174DCDB535E4F1 /* Pods-GameRoom.xcconfig */;
			buildSettings = {
				ASSETCATALOG_COMPILER_APPICON_NAME = AppIcon;
				ASSETCATALOG_COMPILER_LAUNCHIMAGE_NAME = LaunchImage;
				GCC_PRECOMPILE_PREFIX_HEADER = NO;
				GCC_PREFIX_HEADER = "GameRoom/GameRoom-Prefix.pch";
				INFOPLIST_FILE = "GameRoom/GameRoom-Info.plist";
				IPHONEOS_DEPLOYMENT_TARGET = 8.0;
				LD_RUNPATH_SEARCH_PATHS = "@executable_path/Frameworks";
				New_Setting = "";
				PRODUCT_NAME = "$(TARGET_NAME)";
				WRAPPER_EXTENSION = app;
			};
			name = Debug;
		};
		0EBA95A9192585DB00A1E4C2 /* Release */ = {
			isa = XCBuildConfiguration;
			baseConfigurationReference = 4EB71CB001174DCDB535E4F1 /* Pods-GameRoom.xcconfig */;
			buildSettings = {
				ASSETCATALOG_COMPILER_APPICON_NAME = AppIcon;
				ASSETCATALOG_COMPILER_LAUNCHIMAGE_NAME = LaunchImage;
				GCC_PRECOMPILE_PREFIX_HEADER = NO;
				GCC_PREFIX_HEADER = "GameRoom/GameRoom-Prefix.pch";
				INFOPLIST_FILE = "GameRoom/GameRoom-Info.plist";
				IPHONEOS_DEPLOYMENT_TARGET = 8.0;
				LD_RUNPATH_SEARCH_PATHS = "@executable_path/Frameworks";
				New_Setting = "";
				PRODUCT_NAME = "$(TARGET_NAME)";
				WRAPPER_EXTENSION = app;
			};
			name = Release;
		};
/* End XCBuildConfiguration section */

/* Begin XCConfigurationList section */
		0EBA9570192585DB00A1E4C2 /* Build configuration list for PBXProject "GameRoom" */ = {
			isa = XCConfigurationList;
			buildConfigurations = (
				0EBA95A5192585DB00A1E4C2 /* Debug */,
				0EBA95A6192585DB00A1E4C2 /* Release */,
			);
			defaultConfigurationIsVisible = 0;
			defaultConfigurationName = Release;
		};
		0EBA95A7192585DB00A1E4C2 /* Build configuration list for PBXNativeTarget "GameRoom" */ = {
			isa = XCConfigurationList;
			buildConfigurations = (
				0EBA95A8192585DB00A1E4C2 /* Debug */,
				0EBA95A9192585DB00A1E4C2 /* Release */,
			);
			defaultConfigurationIsVisible = 0;
			defaultConfigurationName = Release;
		};
/* End XCConfigurationList section */
	};
	rootObject = 0EBA956D192585DB00A1E4C2 /* Project object */;
}
